{
  "name": "gittest",
  "version": "1.0.0",
  "lockfileVersion": 1,
  "requires": true,
  "dependencies": {
    "JSONStream": {
      "version": "1.3.2",
      "resolved": "http://registry.npm.taobao.org/JSONStream/download/JSONStream-1.3.2.tgz",
      "integrity": "sha1-wQI3G27Dp887hHygDCC7D85Mbeo=",
      "requires": {
        "jsonparse": "1.3.1",
        "through": "2.3.8"
      }
    },
    "align-text": {
      "version": "0.1.4",
      "resolved": "http://registry.npm.taobao.org/align-text/download/align-text-0.1.4.tgz",
      "integrity": "sha1-DNkKVhCT810KmSVsIrcGlDP60Rc=",
      "requires": {
        "kind-of": "3.2.2",
        "longest": "1.0.1",
        "repeat-string": "1.6.1"
      }
    },
    "amdefine": {
      "version": "1.0.1",
      "resolved": "http://registry.npm.taobao.org/amdefine/download/amdefine-1.0.1.tgz",
      "integrity": "sha1-SlKCrBZHKek2Gbz9OtFR+BfOkfU="
    },
    "array-find-index": {
      "version": "1.0.2",
      "resolved": "http://registry.npm.taobao.org/array-find-index/download/array-find-index-1.0.2.tgz",
      "integrity": "sha1-3wEKoSh+Fku9pvlyOwqWoexBh6E="
    },
    "array-ify": {
      "version": "1.0.0",
      "resolved": "http://registry.npm.taobao.org/array-ify/download/array-ify-1.0.0.tgz",
      "integrity": "sha1-nlKHYrSpBmrRY6aWKjZEGOlibs4="
    },
    "arrify": {
      "version": "1.0.1",
      "resolved": "http://registry.npm.taobao.org/arrify/download/arrify-1.0.1.tgz",
      "integrity": "sha1-iYUI2iIm84DfkEcoRWhJwVAaSw0="
    },
    "async": {
      "version": "1.5.2",
      "resolved": "http://registry.npm.taobao.org/async/download/async-1.5.2.tgz",
      "integrity": "sha1-7GphrlZIDAw8skHJVhjiCJL5Zyo="
    },
    "builtin-modules": {
      "version": "1.1.1",
      "resolved": "http://registry.npm.taobao.org/builtin-modules/download/builtin-modules-1.1.1.tgz",
      "integrity": "sha1-Jw8HbFpywC9bZaR9+Uxf46J4iS8="
    },
    "camelcase": {
      "version": "1.2.1",
      "resolved": "http://registry.npm.taobao.org/camelcase/download/camelcase-1.2.1.tgz",
      "integrity": "sha1-m7UwTS4LVmmLLHWLCKPqqdqlijk=",
      "optional": true
    },
    "camelcase-keys": {
      "version": "4.2.0",
      "resolved": "http://registry.npm.taobao.org/camelcase-keys/download/camelcase-keys-4.2.0.tgz",
      "integrity": "sha1-oqpfsa9oh1glnDLBQUJteJI7m3c=",
      "requires": {
        "camelcase": "4.1.0",
        "map-obj": "2.0.0",
        "quick-lru": "1.1.0"
      },
      "dependencies": {
        "camelcase": {
          "version": "4.1.0",
          "resolved": "http://registry.npm.taobao.org/camelcase/download/camelcase-4.1.0.tgz",
          "integrity": "sha1-1UVjW+HjPFQmScaRc+Xeas+uNN0="
        }
      }
    },
    "center-align": {
      "version": "0.1.3",
      "resolved": "http://registry.npm.taobao.org/center-align/download/center-align-0.1.3.tgz",
      "integrity": "sha1-qg0yYptu6XIgBBHL1EYckHvCt60=",
      "optional": true,
      "requires": {
        "align-text": "0.1.4",
        "lazy-cache": "1.0.4"
      }
    },
    "cliui": {
      "version": "2.1.0",
      "resolved": "http://registry.npm.taobao.org/cliui/download/cliui-2.1.0.tgz",
      "integrity": "sha1-S0dXYP+AJkx2LDoXGQMukcf+oNE=",
      "optional": true,
      "requires": {
        "center-align": "0.1.3",
        "right-align": "0.1.3",
        "wordwrap": "0.0.2"
      },
      "dependencies": {
        "wordwrap": {
          "version": "0.0.2",
          "resolved": "http://registry.npm.taobao.org/wordwrap/download/wordwrap-0.0.2.tgz",
          "integrity": "sha1-t5Zpu0LstAn4PVg8rVLKF+qhZD8=",
          "optional": true
        }
      }
    },
    "compare-func": {
      "version": "1.3.2",
      "resolved": "http://registry.npm.taobao.org/compare-func/download/compare-func-1.3.2.tgz",
      "integrity": "sha1-md0LpFfh+bxyKxLAjsM+6rMfpkg=",
      "requires": {
        "array-ify": "1.0.0",
        "dot-prop": "3.0.0"
      }
    },
    "conventional-changelog": {
      "version": "1.1.23",
      "resolved": "http://registry.npm.taobao.org/conventional-changelog/download/conventional-changelog-1.1.23.tgz",
      "integrity": "sha1-Sscq+LnqmvJg6XrPVWwZ2LLalw4=",
      "requires": {
        "conventional-changelog-angular": "1.6.6",
        "conventional-changelog-atom": "0.2.8",
        "conventional-changelog-codemirror": "0.3.8",
        "conventional-changelog-core": "2.0.10",
        "conventional-changelog-ember": "0.3.11",
        "conventional-changelog-eslint": "1.0.9",
        "conventional-changelog-express": "0.3.6",
        "conventional-changelog-jquery": "0.1.0",
        "conventional-changelog-jscs": "0.1.0",
        "conventional-changelog-jshint": "0.3.8",
        "conventional-changelog-preset-loader": "1.1.8"
      }
    },
    "conventional-changelog-angular": {
      "version": "1.6.6",
      "resolved": "http://registry.npm.taobao.org/conventional-changelog-angular/download/conventional-changelog-angular-1.6.6.tgz",
      "integrity": "sha1-sn8rMVwW0KHyPrGBMJ0OakaY6g8=",
      "requires": {
        "compare-func": "1.3.2",
        "q": "1.5.1"
      }
    },
    "conventional-changelog-atom": {
      "version": "0.2.8",
      "resolved": "http://registry.npm.taobao.org/conventional-changelog-atom/download/conventional-changelog-atom-0.2.8.tgz",
      "integrity": "sha1-gDdpNFWZDjJW8pcyCkX6R+5VOhQ=",
      "requires": {
        "q": "1.5.1"
      }
    },
    "conventional-changelog-codemirror": {
      "version": "0.3.8",
      "resolved": "http://registry.npm.taobao.org/conventional-changelog-codemirror/download/conventional-changelog-codemirror-0.3.8.tgz",
      "integrity": "sha1-oZgsgpH07k1vL2KBfGsuzSxLe0c=",
      "requires": {
        "q": "1.5.1"
      }
    },
    "conventional-changelog-core": {
      "version": "2.0.10",
      "resolved": "http://registry.npm.taobao.org/conventional-changelog-core/download/conventional-changelog-core-2.0.10.tgz",
      "integrity": "sha1-PkdWXvnRSLzc6rbeazZRoW3Sjcg=",
      "requires": {
        "conventional-changelog-writer": "3.0.9",
        "conventional-commits-parser": "2.1.7",
        "dateformat": "3.0.3",
        "get-pkg-repo": "1.4.0",
        "git-raw-commits": "1.3.6",
        "git-remote-origin-url": "2.0.0",
        "git-semver-tags": "1.3.6",
        "lodash": "4.17.5",
        "normalize-package-data": "2.4.0",
        "q": "1.5.1",
        "read-pkg": "1.1.0",
        "read-pkg-up": "1.0.1",
        "through2": "2.0.3"
      }
    },
    "conventional-changelog-ember": {
      "version": "0.3.11",
      "resolved": "http://registry.npm.taobao.org/conventional-changelog-ember/download/conventional-changelog-ember-0.3.11.tgz",
      "integrity": "sha1-VsqbQY7p1/CJvqNDB9V0l0INcqY=",
      "requires": {
        "q": "1.5.1"
      }
    },
    "conventional-changelog-eslint": {
      "version": "1.0.9",
      "resolved": "http://registry.npm.taobao.org/conventional-changelog-eslint/download/conventional-changelog-eslint-1.0.9.tgz",
      "integrity": "sha1-sTzH5LRyyBlFDt4DH/GnXA49B9M=",
      "requires": {
        "q": "1.5.1"
      }
    },
    "conventional-changelog-express": {
      "version": "0.3.6",
      "resolved": "http://registry.npm.taobao.org/conventional-changelog-express/download/conventional-changelog-express-0.3.6.tgz",
      "integrity": "sha1-SmKVyxF4UFn7CSAhgNDlnDWLnCw=",
      "requires": {
        "q": "1.5.1"
      }
    },
    "conventional-changelog-jquery": {
      "version": "0.1.0",
      "resolved": "http://registry.npm.taobao.org/conventional-changelog-jquery/download/conventional-changelog-jquery-0.1.0.tgz",
      "integrity": "sha1-Agg5cWLjhGmG5xJztsecW1+A9RA=",
      "requires": {
        "q": "1.5.1"
      }
    },
    "conventional-changelog-jscs": {
      "version": "0.1.0",
      "resolved": "http://registry.npm.taobao.org/conventional-changelog-jscs/download/conventional-changelog-jscs-0.1.0.tgz",
      "integrity": "sha1-BHnrRDzH1yxYvwvPDvHURKkvDlw=",
      "requires": {
        "q": "1.5.1"
      }
    },
    "conventional-changelog-jshint": {
      "version": "0.3.8",
      "resolved": "http://registry.npm.taobao.org/conventional-changelog-jshint/download/conventional-changelog-jshint-0.3.8.tgz",
      "integrity": "sha1-kFHBrAdnq69iox900v6HkOisxsg=",
      "requires": {
        "compare-func": "1.3.2",
        "q": "1.5.1"
      }
    },
    "conventional-changelog-preset-loader": {
      "version": "1.1.8",
      "resolved": "http://registry.npm.taobao.org/conventional-changelog-preset-loader/download/conventional-changelog-preset-loader-1.1.8.tgz",
      "integrity": "sha1-QLsPFCzSfRaDnsbHTujbQYCZs3M="
    },
    "conventional-changelog-writer": {
      "version": "3.0.9",
      "resolved": "http://registry.npm.taobao.org/conventional-changelog-writer/download/conventional-changelog-writer-3.0.9.tgz",
      "integrity": "sha1-Suzf7zP/KlO7DPO4BxziHw6ZRjQ=",
      "requires": {
        "compare-func": "1.3.2",
        "conventional-commits-filter": "1.1.6",
        "dateformat": "3.0.3",
        "handlebars": "4.0.11",
        "json-stringify-safe": "5.0.1",
        "lodash": "4.17.5",
        "meow": "4.0.0",
        "semver": "5.5.0",
        "split": "1.0.1",
        "through2": "2.0.3"
      }
    },
    "conventional-commit-types": {
      "version": "2.2.0",
      "resolved": "http://registry.npm.taobao.org/conventional-commit-types/download/conventional-commit-types-2.2.0.tgz",
      "integrity": "sha1-XblXOdbCEqy+e29lahG5QLqmiUY=",
      "dev": true
    },
    "conventional-commits-filter": {
      "version": "1.1.6",
      "resolved": "http://registry.npm.taobao.org/conventional-commits-filter/download/conventional-commits-filter-1.1.6.tgz",
      "integrity": "sha1-Q4nNjlj+iXUMC1+1jx1/DMitODE=",
      "requires": {
        "is-subset": "0.1.1",
        "modify-values": "1.0.0"
      }
    },
    "conventional-commits-parser": {
      "version": "2.1.7",
      "resolved": "http://registry.npm.taobao.org/conventional-commits-parser/download/conventional-commits-parser-2.1.7.tgz",
      "integrity": "sha1-7KRe1hQNcrqXIu5BMmdNY55kTo4=",
      "requires": {
        "JSONStream": "1.3.2",
        "is-text-path": "1.0.1",
        "lodash": "4.17.5",
        "meow": "4.0.0",
        "split2": "2.2.0",
        "through2": "2.0.3",
        "trim-off-newlines": "1.0.1"
      }
    },
    "core-util-is": {
      "version": "1.0.2",
      "resolved": "http://registry.npm.taobao.org/core-util-is/download/core-util-is-1.0.2.tgz",
      "integrity": "sha1-tf1UIgqivFq1eqtxQMlAdUUDwac="
    },
    "currently-unhandled": {
      "version": "0.4.1",
      "resolved": "http://registry.npm.taobao.org/currently-unhandled/download/currently-unhandled-0.4.1.tgz",
      "integrity": "sha1-mI3zP+qxke95mmE2nddsF635V+o=",
      "requires": {
        "array-find-index": "1.0.2"
      }
    },
    "cz-conventional-changelog": {
      "version": "2.1.0",
      "resolved": "http://registry.npm.taobao.org/cz-conventional-changelog/download/cz-conventional-changelog-2.1.0.tgz",
      "integrity": "sha1-L0vHOQ4yROTfKT5ro1Hkx0Cnx2Q=",
      "dev": true,
      "requires": {
        "conventional-commit-types": "2.2.0",
        "lodash.map": "4.6.0",
        "longest": "1.0.1",
        "right-pad": "1.0.1",
        "word-wrap": "1.2.3"
      }
    },
    "dargs": {
      "version": "4.1.0",
      "resolved": "http://registry.npm.taobao.org/dargs/download/dargs-4.1.0.tgz",
      "integrity": "sha1-A6nbtLXC8Tm/FK5T8LiipqhvThc=",
      "requires": {
        "number-is-nan": "1.0.1"
      }
    },
    "dateformat": {
      "version": "3.0.3",
      "resolved": "http://registry.npm.taobao.org/dateformat/download/dateformat-3.0.3.tgz",
      "integrity": "sha1-puN0maTZqc+F71hyBE1ikByYia4="
    },
    "decamelize": {
      "version": "1.2.0",
      "resolved": "http://registry.npm.taobao.org/decamelize/download/decamelize-1.2.0.tgz",
      "integrity": "sha1-9lNNFRSCabIDUue+4m9QH5oZEpA="
    },
    "decamelize-keys": {
      "version": "1.1.0",
      "resolved": "http://registry.npm.taobao.org/decamelize-keys/download/decamelize-keys-1.1.0.tgz",
      "integrity": "sha1-0XGoeTMlKAfrPLYdwcFEXQeN8tk=",
      "requires": {
        "decamelize": "1.2.0",
        "map-obj": "1.0.1"
      },
      "dependencies": {
        "map-obj": {
          "version": "1.0.1",
          "resolved": "http://registry.npm.taobao.org/map-obj/download/map-obj-1.0.1.tgz",
          "integrity": "sha1-2TPOuSBdgr3PSIb2dCvcK03qFG0="
        }
      }
    },
    "dot-prop": {
      "version": "3.0.0",
      "resolved": "http://registry.npm.taobao.org/dot-prop/download/dot-prop-3.0.0.tgz",
      "integrity": "sha1-G3CK8JSknJoOfbyteQq6U52sEXc=",
      "requires": {
        "is-obj": "1.0.1"
      }
    },
    "error-ex": {
      "version": "1.3.1",
      "resolved": "http://registry.npm.taobao.org/error-ex/download/error-ex-1.3.1.tgz",
      "integrity": "sha1-+FWobOYa3E6GIcPNoh56dhLDqNw=",
      "requires": {
        "is-arrayish": "0.2.1"
      }
    },
    "find-up": {
      "version": "2.1.0",
      "resolved": "http://registry.npm.taobao.org/find-up/download/find-up-2.1.0.tgz",
      "integrity": "sha1-RdG35QbHF93UgndaK3eSCjwMV6c=",
      "requires": {
        "locate-path": "2.0.0"
      }
    },
    "get-pkg-repo": {
      "version": "1.4.0",
      "resolved": "http://registry.npm.taobao.org/get-pkg-repo/download/get-pkg-repo-1.4.0.tgz",
      "integrity": "sha1-xztInAbYDMVTbCyFP54FIyBWly0=",
      "requires": {
        "hosted-git-info": "2.6.0",
        "meow": "3.7.0",
        "normalize-package-data": "2.4.0",
        "parse-github-repo-url": "1.4.1",
        "through2": "2.0.3"
      },
      "dependencies": {
        "camelcase": {
          "version": "2.1.1",
          "resolved": "http://registry.npm.taobao.org/camelcase/download/camelcase-2.1.1.tgz",
          "integrity": "sha1-fB0W1nmhu+WcoCys7PsBHiAfWh8="
        },
        "camelcase-keys": {
          "version": "2.1.0",
          "resolved": "http://registry.npm.taobao.org/camelcase-keys/download/camelcase-keys-2.1.0.tgz",
          "integrity": "sha1-MIvur/3ygRkFHvodkyITyRuPkuc=",
          "requires": {
            "camelcase": "2.1.1",
            "map-obj": "1.0.1"
          }
        },
        "indent-string": {
          "version": "2.1.0",
          "resolved": "http://registry.npm.taobao.org/indent-string/download/indent-string-2.1.0.tgz",
          "integrity": "sha1-ji1INIdCEhtKghi3oTfppSBJ3IA=",
          "requires": {
            "repeating": "2.0.1"
          }
        },
        "map-obj": {
          "version": "1.0.1",
          "resolved": "http://registry.npm.taobao.org/map-obj/download/map-obj-1.0.1.tgz",
          "integrity": "sha1-2TPOuSBdgr3PSIb2dCvcK03qFG0="
        },
        "meow": {
          "version": "3.7.0",
          "resolved": "http://registry.npm.taobao.org/meow/download/meow-3.7.0.tgz",
          "integrity": "sha1-cstmi0JSKCkKu/qFaJJYcwioAfs=",
          "requires": {
            "camelcase-keys": "2.1.0",
            "decamelize": "1.2.0",
            "loud-rejection": "1.6.0",
            "map-obj": "1.0.1",
            "minimist": "1.2.0",
            "normalize-package-data": "2.4.0",
            "object-assign": "4.1.1",
            "read-pkg-up": "1.0.1",
            "redent": "1.0.0",
            "trim-newlines": "1.0.0"
          }
        },
        "minimist": {
          "version": "1.2.0",
          "resolved": "http://registry.npm.taobao.org/minimist/download/minimist-1.2.0.tgz",
          "integrity": "sha1-o1AIsg9BOD7sH7kU9M1d95omQoQ="
        },
        "redent": {
          "version": "1.0.0",
          "resolved": "http://registry.npm.taobao.org/redent/download/redent-1.0.0.tgz",
          "integrity": "sha1-z5Fqsf1fHxbfsggi3W7H9zDCr94=",
          "requires": {
            "indent-string": "2.1.0",
            "strip-indent": "1.0.1"
          }
        },
        "strip-indent": {
          "version": "1.0.1",
          "resolved": "http://registry.npm.taobao.org/strip-indent/download/strip-indent-1.0.1.tgz",
          "integrity": "sha1-DHlipq3vp7vUrDZkYKY4VSrhoKI=",
          "requires": {
            "get-stdin": "4.0.1"
          }
        },
        "trim-newlines": {
          "version": "1.0.0",
          "resolved": "http://registry.npm.taobao.org/trim-newlines/download/trim-newlines-1.0.0.tgz",
          "integrity": "sha1-WIeWa7WCpFA6QetST301ARgVphM="
        }
      }
    },
    "get-stdin": {
      "version": "4.0.1",
      "resolved": "http://registry.npm.taobao.org/get-stdin/download/get-stdin-4.0.1.tgz",
      "integrity": "sha1-uWjGsKBDhDJJAui/Gl3zJXmkUP4="
    },
    "git-raw-commits": {
      "version": "1.3.6",
      "resolved": "http://registry.npm.taobao.org/git-raw-commits/download/git-raw-commits-1.3.6.tgz",
      "integrity": "sha1-J8NaMqZ3d8Hs1BKiOabBnXG5Wv8=",
      "requires": {
        "dargs": "4.1.0",
        "lodash.template": "4.4.0",
        "meow": "4.0.0",
        "split2": "2.2.0",
        "through2": "2.0.3"
      }
    },
    "git-remote-origin-url": {
      "version": "2.0.0",
      "resolved": "http://registry.npm.taobao.org/git-remote-origin-url/download/git-remote-origin-url-2.0.0.tgz",
      "integrity": "sha1-UoJlna4hBxRaERJhEq0yFuxfpl8=",
      "requires": {
        "gitconfiglocal": "1.0.0",
        "pify": "2.3.0"
      },
      "dependencies": {
        "pify": {
          "version": "2.3.0",
          "resolved": "http://registry.npm.taobao.org/pify/download/pify-2.3.0.tgz",
          "integrity": "sha1-7RQaasBDqEnqWISY59yosVMw6Qw="
        }
      }
    },
    "git-semver-tags": {
      "version": "1.3.6",
      "resolved": "http://registry.npm.taobao.org/git-semver-tags/download/git-semver-tags-1.3.6.tgz",
      "integrity": "sha1-NX6gH3KAeU/gkn8oBr7mQU0sq6U=",
      "requires": {
        "meow": "4.0.0",
        "semver": "5.5.0"
      }
    },
    "gitconfiglocal": {
      "version": "1.0.0",
      "resolved": "http://registry.npm.taobao.org/gitconfiglocal/download/gitconfiglocal-1.0.0.tgz",
      "integrity": "sha1-QdBF84UaXqiPA/JMocYXgRRGS5s=",
      "requires": {
        "ini": "1.3.5"
      }
    },
    "graceful-fs": {
      "version": "4.1.11",
      "resolved": "http://registry.npm.taobao.org/graceful-fs/download/graceful-fs-4.1.11.tgz",
      "integrity": "sha1-Dovf5NHduIVNZOBOp8AOKgJuVlg="
    },
    "handlebars": {
      "version": "4.0.11",
      "resolved": "http://registry.npm.taobao.org/handlebars/download/handlebars-4.0.11.tgz",
      "integrity": "sha1-Ywo13+ApS8KB7a5v/F0yn8eYLcw=",
      "requires": {
        "async": "1.5.2",
        "optimist": "0.6.1",
        "source-map": "0.4.4",
        "uglify-js": "2.8.29"
      }
    },
    "hosted-git-info": {
      "version": "2.6.0",
      "resolved": "http://registry.npm.taobao.org/hosted-git-info/download/hosted-git-info-2.6.0.tgz",
      "integrity": "sha1-IyNbKasjDFdqqw1PE/wEawsDgiI="
    },
    "indent-string": {
      "version": "3.2.0",
      "resolved": "http://registry.npm.taobao.org/indent-string/download/indent-string-3.2.0.tgz",
      "integrity": "sha1-Sl/W0nzDMvN+VBmlBNu4NxBckok="
    },
    "inherits": {
      "version": "2.0.3",
      "resolved": "http://registry.npm.taobao.org/inherits/download/inherits-2.0.3.tgz",
      "integrity": "sha1-Yzwsg+PaQqUC9SRmAiSA9CCCYd4="
    },
    "ini": {
      "version": "1.3.5",
      "resolved": "http://registry.npm.taobao.org/ini/download/ini-1.3.5.tgz",
      "integrity": "sha1-7uJfVtscnsYIXgwid4CD9Zar+Sc="
    },
    "is-arrayish": {
      "version": "0.2.1",
      "resolved": "http://registry.npm.taobao.org/is-arrayish/download/is-arrayish-0.2.1.tgz",
      "integrity": "sha1-d8mYQFJ6qOyxqLppe4BkWnqSap0="
    },
    "is-buffer": {
      "version": "1.1.6",
      "resolved": "http://registry.npm.taobao.org/is-buffer/download/is-buffer-1.1.6.tgz",
      "integrity": "sha1-76ouqdqg16suoTqXsritUf776L4="
    },
    "is-builtin-module": {
      "version": "1.0.0",
      "resolved": "http://registry.npm.taobao.org/is-builtin-module/download/is-builtin-module-1.0.0.tgz",
      "integrity": "sha1-VAVy0096wxGfj3bDDLwbHgN6/74=",
      "requires": {
        "builtin-modules": "1.1.1"
      }
    },
    "is-finite": {
      "version": "1.0.2",
      "resolved": "http://registry.npm.taobao.org/is-finite/download/is-finite-1.0.2.tgz",
      "integrity": "sha1-zGZ3aVYCvlUO8R6LSqYwU0K20Ko=",
      "requires": {
        "number-is-nan": "1.0.1"
      }
    },
    "is-obj": {
      "version": "1.0.1",
      "resolved": "http://registry.npm.taobao.org/is-obj/download/is-obj-1.0.1.tgz",
      "integrity": "sha1-PkcprB9f3gJc19g6iW2rn09n2w8="
    },
    "is-plain-obj": {
      "version": "1.1.0",
      "resolved": "http://registry.npm.taobao.org/is-plain-obj/download/is-plain-obj-1.1.0.tgz",
      "integrity": "sha1-caUMhCnfync8kqOQpKA7OfzVHT4="
    },
    "is-subset": {
      "version": "0.1.1",
      "resolved": "http://registry.npm.taobao.org/is-subset/download/is-subset-0.1.1.tgz",
      "integrity": "sha1-ilkRfZMt4d4A8kX83TnOQ/HpOaY="
    },
    "is-text-path": {
      "version": "1.0.1",
      "resolved": "http://registry.npm.taobao.org/is-text-path/download/is-text-path-1.0.1.tgz",
      "integrity": "sha1-Thqg+1G/vLPpJogAE5cgLBd1tm4=",
      "requires": {
        "text-extensions": "1.7.0"
      }
    },
    "is-utf8": {
      "version": "0.2.1",
      "resolved": "http://registry.npm.taobao.org/is-utf8/download/is-utf8-0.2.1.tgz",
      "integrity": "sha1-Sw2hRCEE0bM2NA6AeX6GXPOffXI="
    },
    "isarray": {
      "version": "1.0.0",
      "resolved": "http://registry.npm.taobao.org/isarray/download/isarray-1.0.0.tgz",
      "integrity": "sha1-u5NdSFgsuhaMBoNJV6VKPgcSTxE="
    },
    "json-parse-better-errors": {
      "version": "1.0.2",
      "resolved": "http://registry.npm.taobao.org/json-parse-better-errors/download/json-parse-better-errors-1.0.2.tgz",
      "integrity": "sha1-u4Z8+zRQ5pEHwTHRxRS6s9yLyqk="
    },
    "json-stringify-safe": {
      "version": "5.0.1",
      "resolved": "http://registry.npm.taobao.org/json-stringify-safe/download/json-stringify-safe-5.0.1.tgz",
      "integrity": "sha1-Epai1Y/UXxmg9s4B1lcB4sc1tus="
    },
    "jsonparse": {
      "version": "1.3.1",
      "resolved": "http://registry.npm.taobao.org/jsonparse/download/jsonparse-1.3.1.tgz",
      "integrity": "sha1-P02uSpH6wxX3EGL4UhzCOfE2YoA="
    },
    "kind-of": {
      "version": "3.2.2",
      "resolved": "http://registry.npm.taobao.org/kind-of/download/kind-of-3.2.2.tgz",
      "integrity": "sha1-MeohpzS6ubuw8yRm2JOupR5KPGQ=",
      "requires": {
        "is-buffer": "1.1.6"
      }
    },
    "lazy-cache": {
      "version": "1.0.4",
      "resolved": "http://registry.npm.taobao.org/lazy-cache/download/lazy-cache-1.0.4.tgz",
      "integrity": "sha1-odePw6UEdMuAhF07O24dpJpEbo4=",
      "optional": true
    },
    "load-json-file": {
      "version": "4.0.0",
      "resolved": "http://registry.npm.taobao.org/load-json-file/download/load-json-file-4.0.0.tgz",
      "integrity": "sha1-L19Fq5HjMhYjT9U62rZo607AmTs=",
      "requires": {
        "graceful-fs": "4.1.11",
        "parse-json": "4.0.0",
        "pify": "3.0.0",
        "strip-bom": "3.0.0"
      }
    },
    "locate-path": {
      "version": "2.0.0",
      "resolved": "http://registry.npm.taobao.org/locate-path/download/locate-path-2.0.0.tgz",
      "integrity": "sha1-K1aLJl7slExtnA3pw9u7ygNUzY4=",
      "requires": {
        "p-locate": "2.0.0",
        "path-exists": "3.0.0"
      }
    },
    "lodash": {
      "version": "4.17.5",
      "resolved": "http://registry.npm.taobao.org/lodash/download/lodash-4.17.5.tgz",
      "integrity": "sha1-maktZcAnLevoyWtgV7yPv6O+1RE="
    },
    "lodash._reinterpolate": {
      "version": "3.0.0",
      "resolved": "http://registry.npm.taobao.org/lodash._reinterpolate/download/lodash._reinterpolate-3.0.0.tgz",
      "integrity": "sha1-DM8tiRZq8Ds2Y8eWU4t1rG4RTZ0="
    },
    "lodash.map": {
      "version": "4.6.0",
      "resolved": "http://registry.npm.taobao.org/lodash.map/download/lodash.map-4.6.0.tgz",
      "integrity": "sha1-dx7Hg540c9nEzeKLGTlMNWL09tM=",
      "dev": true
    },
    "lodash.template": {
      "version": "4.4.0",
      "resolved": "http://registry.npm.taobao.org/lodash.template/download/lodash.template-4.4.0.tgz",
      "integrity": "sha1-5zoDhcg1VZF0bgILmWecaQ5o+6A=",
      "requires": {
        "lodash._reinterpolate": "3.0.0",
        "lodash.templatesettings": "4.1.0"
      }
    },
    "lodash.templatesettings": {
      "version": "4.1.0",
      "resolved": "http://registry.npm.taobao.org/lodash.templatesettings/download/lodash.templatesettings-4.1.0.tgz",
      "integrity": "sha1-K01OlbpEDZFf8IvImeRVNmZxMxY=",
      "requires": {
        "lodash._reinterpolate": "3.0.0"
      }
    },
    "longest": {
      "version": "1.0.1",
      "resolved": "http://registry.npm.taobao.org/longest/download/longest-1.0.1.tgz",
      "integrity": "sha1-MKCy2jj3N3DoKUoNIuZiXtd9AJc="
    },
    "loud-rejection": {
      "version": "1.6.0",
      "resolved": "http://registry.npm.taobao.org/loud-rejection/download/loud-rejection-1.6.0.tgz",
      "integrity": "sha1-W0b4AUft7leIcPCG0Eghz5mOVR8=",
      "requires": {
        "currently-unhandled": "0.4.1",
        "signal-exit": "3.0.2"
      }
    },
    "map-obj": {
      "version": "2.0.0",
      "resolved": "http://registry.npm.taobao.org/map-obj/download/map-obj-2.0.0.tgz",
      "integrity": "sha1-plzSkIepJZi4eRJXpSPgISIqwfk="
    },
    "meow": {
      "version": "4.0.0",
      "resolved": "http://registry.npm.taobao.org/meow/download/meow-4.0.0.tgz",
      "integrity": "sha1-/VhV3QCNtbksVSCC2xwwfLogsp0=",
      "requires": {
        "camelcase-keys": "4.2.0",
        "decamelize-keys": "1.1.0",
        "loud-rejection": "1.6.0",
        "minimist": "1.2.0",
        "minimist-options": "3.0.2",
        "normalize-package-data": "2.4.0",
        "read-pkg-up": "3.0.0",
        "redent": "2.0.0",
        "trim-newlines": "2.0.0"
      },
      "dependencies": {
        "minimist": {
          "version": "1.2.0",
          "resolved": "http://registry.npm.taobao.org/minimist/download/minimist-1.2.0.tgz",
          "integrity": "sha1-o1AIsg9BOD7sH7kU9M1d95omQoQ="
        },
        "read-pkg": {
          "version": "3.0.0",
          "resolved": "http://registry.npm.taobao.org/read-pkg/download/read-pkg-3.0.0.tgz",
          "integrity": "sha1-nLxoaXj+5l0WwA4rGcI3/Pbjg4k=",
          "requires": {
            "load-json-file": "4.0.0",
            "normalize-package-data": "2.4.0",
            "path-type": "3.0.0"
          }
        },
        "read-pkg-up": {
          "version": "3.0.0",
          "resolved": "http://registry.npm.taobao.org/read-pkg-up/download/read-pkg-up-3.0.0.tgz",
          "integrity": "sha1-PtSWaF26D4/hGNBpHcUfSh/5bwc=",
          "requires": {
            "find-up": "2.1.0",
            "read-pkg": "3.0.0"
          }
        }
      }
    },
    "minimist": {
      "version": "0.0.10",
      "resolved": "http://registry.npm.taobao.org/minimist/download/minimist-0.0.10.tgz",
      "integrity": "sha1-3j+YVD2/lggr5IrRoMfNqDYwHc8="
    },
    "minimist-options": {
      "version": "3.0.2",
      "resolved": "http://registry.npm.taobao.org/minimist-options/download/minimist-options-3.0.2.tgz",
      "integrity": "sha1-+6TIGRM54T7PTWG+sD8HAQPz2VQ=",
      "requires": {
        "arrify": "1.0.1",
        "is-plain-obj": "1.1.0"
      }
    },
    "modify-values": {
      "version": "1.0.0",
      "resolved": "http://registry.npm.taobao.org/modify-values/download/modify-values-1.0.0.tgz",
      "integrity": "sha1-4rbN65zhn5kxelNyLz2/XfXqqrI="
    },
    "normalize-package-data": {
      "version": "2.4.0",
      "resolved": "http://registry.npm.taobao.org/normalize-package-data/download/normalize-package-data-2.4.0.tgz",
      "integrity": "sha1-EvlaMH1YNSB1oEkHuErIvpisAS8=",
      "requires": {
        "hosted-git-info": "2.6.0",
        "is-builtin-module": "1.0.0",
        "semver": "5.5.0",
        "validate-npm-package-license": "3.0.3"
      }
    },
    "number-is-nan": {
      "version": "1.0.1",
      "resolved": "http://registry.npm.taobao.org/number-is-nan/download/number-is-nan-1.0.1.tgz",
      "integrity": "sha1-CXtgK1NCKlIsGvuHkDGDNpQaAR0="
    },
    "object-assign": {
      "version": "4.1.1",
      "resolved": "http://registry.npm.taobao.org/object-assign/download/object-assign-4.1.1.tgz",
      "integrity": "sha1-IQmtx5ZYh8/AXLvUQsrIv7s2CGM="
    },
    "optimist": {
      "version": "0.6.1",
      "resolved": "http://registry.npm.taobao.org/optimist/download/optimist-0.6.1.tgz",
      "integrity": "sha1-2j6nRob6IaGaERwybpDrFaAZZoY=",
      "requires": {
        "minimist": "0.0.10",
        "wordwrap": "0.0.3"
      }
    },
    "p-limit": {
      "version": "1.2.0",
      "resolved": "http://registry.npm.taobao.org/p-limit/download/p-limit-1.2.0.tgz",
      "integrity": "sha1-DpK2vty1nwIsE9DxlJ3ILRWQnxw=",
      "requires": {
        "p-try": "1.0.0"
      }
    },
    "p-locate": {
      "version": "2.0.0",
      "resolved": "http://registry.npm.taobao.org/p-locate/download/p-locate-2.0.0.tgz",
      "integrity": "sha1-IKAQOyIqcMj9OcwuWAaA893l7EM=",
      "requires": {
        "p-limit": "1.2.0"
      }
    },
    "p-try": {
      "version": "1.0.0",
      "resolved": "http://registry.npm.taobao.org/p-try/download/p-try-1.0.0.tgz",
      "integrity": "sha1-y8ec26+P1CKOE/Yh8rGiN8GyB7M="
    },
    "parse-github-repo-url": {
      "version": "1.4.1",
      "resolved": "http://registry.npm.taobao.org/parse-github-repo-url/download/parse-github-repo-url-1.4.1.tgz",
      "integrity": "sha1-nn2LslKmy2ukJZUGC3v23z28H1A="
    },
    "parse-json": {
      "version": "4.0.0",
      "resolved": "http://registry.npm.taobao.org/parse-json/download/parse-json-4.0.0.tgz",
      "integrity": "sha1-vjX1Qlvh9/bHRxhPmKeIy5lHfuA=",
      "requires": {
        "error-ex": "1.3.1",
        "json-parse-better-errors": "1.0.2"
      }
    },
    "path-exists": {
      "version": "3.0.0",
      "resolved": "http://registry.npm.taobao.org/path-exists/download/path-exists-3.0.0.tgz",
      "integrity": "sha1-zg6+ql94yxiSXqfYENe1mwEP1RU="
    },
    "path-type": {
      "version": "3.0.0",
      "resolved": "http://registry.npm.taobao.org/path-type/download/path-type-3.0.0.tgz",
      "integrity": "sha1-zvMdyOCho7sNEFwM2Xzzv0f0428=",
      "requires": {
        "pify": "3.0.0"
      }
    },
    "pify": {
      "version": "3.0.0",
      "resolved": "http://registry.npm.taobao.org/pify/download/pify-3.0.0.tgz",
      "integrity": "sha1-5aSs0sEB/fPZpNB/DbxNtJ3SgXY="
    },
    "pinkie": {
      "version": "2.0.4",
      "resolved": "http://registry.npm.taobao.org/pinkie/download/pinkie-2.0.4.tgz",
      "integrity": "sha1-clVrgM+g1IqXToDnckjoDtT3+HA="
    },
    "pinkie-promise": {
      "version": "2.0.1",
      "resolved": "http://registry.npm.taobao.org/pinkie-promise/download/pinkie-promise-2.0.1.tgz",
      "integrity": "sha1-ITXW36ejWMBprJsXh3YogihFD/o=",
      "requires": {
        "pinkie": "2.0.4"
      }
    },
    "process-nextick-args": {
      "version": "2.0.0",
      "resolved": "http://registry.npm.taobao.org/process-nextick-args/download/process-nextick-args-2.0.0.tgz",
      "integrity": "sha1-o31zL0JxtKsa0HDTVQjoKQeI/6o="
    },
    "q": {
      "version": "1.5.1",
      "resolved": "http://registry.npm.taobao.org/q/download/q-1.5.1.tgz",
      "integrity": "sha1-fjL3W0E4EpHQRhHxvxQQmsAGUdc="
    },
    "quick-lru": {
      "version": "1.1.0",
      "resolved": "http://registry.npm.taobao.org/quick-lru/download/quick-lru-1.1.0.tgz",
      "integrity": "sha1-Q2CxfGETatOAeDl/8RQW4Ybc+7g="
    },
    "read-pkg": {
      "version": "1.1.0",
      "resolved": "http://registry.npm.taobao.org/read-pkg/download/read-pkg-1.1.0.tgz",
      "integrity": "sha1-9f+qXs0pyzHAR0vKfXVra7KePyg=",
      "requires": {
        "load-json-file": "1.1.0",
        "normalize-package-data": "2.4.0",
        "path-type": "1.1.0"
      },
      "dependencies": {
        "load-json-file": {
          "version": "1.1.0",
          "resolved": "http://registry.npm.taobao.org/load-json-file/download/load-json-file-1.1.0.tgz",
          "integrity": "sha1-lWkFcI1YtLq0wiYbBPWfMcmTdMA=",
          "requires": {
            "graceful-fs": "4.1.11",
            "parse-json": "2.2.0",
            "pify": "2.3.0",
            "pinkie-promise": "2.0.1",
            "strip-bom": "2.0.0"
          }
        },
        "parse-json": {
          "version": "2.2.0",
          "resolved": "http://registry.npm.taobao.org/parse-json/download/parse-json-2.2.0.tgz",
          "integrity": "sha1-9ID0BDTvgHQfhGkJn43qGPVaTck=",
          "requires": {
            "error-ex": "1.3.1"
          }
        },
        "path-type": {
          "version": "1.1.0",
          "resolved": "http://registry.npm.taobao.org/path-type/download/path-type-1.1.0.tgz",
          "integrity": "sha1-WcRPfuSR2nBNpBXaWkBwuk+P5EE=",
          "requires": {
            "graceful-fs": "4.1.11",
            "pify": "2.3.0",
            "pinkie-promise": "2.0.1"
          }
        },
        "pify": {
          "version": "2.3.0",
          "resolved": "http://registry.npm.taobao.org/pify/download/pify-2.3.0.tgz",
          "integrity": "sha1-7RQaasBDqEnqWISY59yosVMw6Qw="
        },
        "strip-bom": {
          "version": "2.0.0",
          "resolved": "http://registry.npm.taobao.org/strip-bom/download/strip-bom-2.0.0.tgz",
          "integrity": "sha1-YhmoVhZSBJHzV4i9vxRHqZx+aw4=",
          "requires": {
            "is-utf8": "0.2.1"
          }
        }
      }
    },
    "read-pkg-up": {
      "version": "1.0.1",
      "resolved": "http://registry.npm.taobao.org/read-pkg-up/download/read-pkg-up-1.0.1.tgz",
      "integrity": "sha1-nWPBMnbAZZGNV/ACpX9AobZD+wI=",
      "requires": {
        "find-up": "1.1.2",
        "read-pkg": "1.1.0"
      },
      "dependencies": {
        "find-up": {
          "version": "1.1.2",
          "resolved": "http://registry.npm.taobao.org/find-up/download/find-up-1.1.2.tgz",
          "integrity": "sha1-ay6YIrGizgpgq2TWEOzK1TyyTQ8=",
          "requires": {
            "path-exists": "2.1.0",
            "pinkie-promise": "2.0.1"
          }
        },
        "path-exists": {
          "version": "2.1.0",
          "resolved": "http://registry.npm.taobao.org/path-exists/download/path-exists-2.1.0.tgz",
          "integrity": "sha1-D+tsZPD8UY2adU3V77YscCJ2H0s=",
          "requires": {
            "pinkie-promise": "2.0.1"
          }
        }
      }
    },
    "readable-stream": {
      "version": "2.3.6",
      "resolved": "http://registry.npm.taobao.org/readable-stream/download/readable-stream-2.3.6.tgz",
      "integrity": "sha1-sRwn2IuP8fvgcGQ8+UsMea4bCq8=",
      "requires": {
        "core-util-is": "1.0.2",
        "inherits": "2.0.3",
        "isarray": "1.0.0",
        "process-nextick-args": "2.0.0",
        "safe-buffer": "5.1.1",
        "string_decoder": "1.1.1",
        "util-deprecate": "1.0.2"
      }
    },
    "redent": {
      "version": "2.0.0",
      "resolved": "http://registry.npm.taobao.org/redent/download/redent-2.0.0.tgz",
      "integrity": "sha1-wbIAe0LVfrE4kHmzyDM2OdXhzKo=",
      "requires": {
        "indent-string": "3.2.0",
        "strip-indent": "2.0.0"
      }
    },
    "repeat-string": {
      "version": "1.6.1",
      "resolved": "http://registry.npm.taobao.org/repeat-string/download/repeat-string-1.6.1.tgz",
      "integrity": "sha1-jcrkcOHIirwtYA//Sndihtp15jc="
    },
    "repeating": {
      "version": "2.0.1",
      "resolved": "http://registry.npm.taobao.org/repeating/download/repeating-2.0.1.tgz",
      "integrity": "sha1-UhTFOpJtNVJwdSf7q0FdvAjQbdo=",
      "requires": {
        "is-finite": "1.0.2"
      }
    },
    "right-align": {
      "version": "0.1.3",
      "resolved": "http://registry.npm.taobao.org/right-align/download/right-align-0.1.3.tgz",
      "integrity": "sha1-YTObci/mo1FWiSENJOFMlhSGE+8=",
      "optional": true,
      "requires": {
        "align-text": "0.1.4"
      }
    },
    "right-pad": {
      "version": "1.0.1",
      "resolved": "http://registry.npm.taobao.org/right-pad/download/right-pad-1.0.1.tgz",
      "integrity": "sha1-jKCMLLtbVedNr6lr9/0aJ9VoyNA=",
      "dev": true
    },
    "safe-buffer": {
      "version": "5.1.1",
      "resolved": "http://registry.npm.taobao.org/safe-buffer/download/safe-buffer-5.1.1.tgz",
      "integrity": "sha1-iTMSr2myEj3vcfV4iQAWce6yyFM="
    },
    "semver": {
      "version": "5.5.0",
      "resolved": "http://registry.npm.taobao.org/semver/download/semver-5.5.0.tgz",
      "integrity": "sha1-3Eu8emyp2Rbe5dQ1FvAJK1j3uKs="
    },
    "signal-exit": {
      "version": "3.0.2",
      "resolved": "http://registry.npm.taobao.org/signal-exit/download/signal-exit-3.0.2.tgz",
      "integrity": "sha1-tf3AjxKH6hF4Yo5BXiUTK3NkbG0="
    },
    "source-map": {
      "version": "0.4.4",
      "resolved": "http://registry.npm.taobao.org/source-map/download/source-map-0.4.4.tgz",
      "integrity": "sha1-66T12pwNyZneaAMti092FzZSA2s=",
      "requires": {
        "amdefine": "1.0.1"
      }
    },
    "spdx-correct": {
      "version": "3.0.0",
      "resolved": "http://registry.npm.taobao.org/spdx-correct/download/spdx-correct-3.0.0.tgz",
      "integrity": "sha1-BaW01xU6GVvJLDxCW2nzsqlSTII=",
      "requires": {
        "spdx-expression-parse": "3.0.0",
        "spdx-license-ids": "3.0.0"
      }
    },
    "spdx-exceptions": {
      "version": "2.1.0",
      "resolved": "http://registry.npm.taobao.org/spdx-exceptions/download/spdx-exceptions-2.1.0.tgz",
      "integrity": "sha1-LHrmEFbHFKW5ubKyr30xHvXHj+k="
    },
    "spdx-expression-parse": {
      "version": "3.0.0",
      "resolved": "http://registry.npm.taobao.org/spdx-expression-parse/download/spdx-expression-parse-3.0.0.tgz",
      "integrity": "sha1-meEZt6XaAOBUkcn6M4t5BII7QdA=",
      "requires": {
        "spdx-exceptions": "2.1.0",
        "spdx-license-ids": "3.0.0"
      }
    },
    "spdx-license-ids": {
      "version": "3.0.0",
      "resolved": "http://registry.npm.taobao.org/spdx-license-ids/download/spdx-license-ids-3.0.0.tgz",
      "integrity": "sha1-enzShHDMbToc/m1miG9rxDDTrIc="
    },
    "split": {
      "version": "1.0.1",
      "resolved": "http://registry.npm.taobao.org/split/download/split-1.0.1.tgz",
      "integrity": "sha1-YFvZvjA6pZ+zX5Ip++oN3snqB9k=",
      "requires": {
        "through": "2.3.8"
      }
    },
    "split2": {
      "version": "2.2.0",
      "resolved": "http://registry.npm.taobao.org/split2/download/split2-2.2.0.tgz",
      "integrity": "sha1-GGsldbz4PoW30YRldWI47k7kJJM=",
      "requires": {
        "through2": "2.0.3"
      }
    },
    "string_decoder": {
      "version": "1.1.1",
      "resolved": "http://registry.npm.taobao.org/string_decoder/download/string_decoder-1.1.1.tgz",
      "integrity": "sha1-nPFhG6YmhdcDCunkujQUnDrwP8g=",
      "requires": {
        "safe-buffer": "5.1.1"
      }
    },
    "strip-bom": {
      "version": "3.0.0",
      "resolved": "http://registry.npm.taobao.org/strip-bom/download/strip-bom-3.0.0.tgz",
      "integrity": "sha1-IzTBjpx1n3vdVv3vfprj1YjmjtM="
    },
    "strip-indent": {
      "version": "2.0.0",
      "resolved": "http://registry.npm.taobao.org/strip-indent/download/strip-indent-2.0.0.tgz",
      "integrity": "sha1-XvjbKV0B5u1sv3qrlpmNeCJSe2g="
    },
    "text-extensions": {
      "version": "1.7.0",
      "resolved": "http://registry.npm.taobao.org/text-extensions/download/text-extensions-1.7.0.tgz",
      "integrity": "sha1-+qq6JiXtdG1WiiPk0KrNm/CKizk="
    },
    "through": {
      "version": "2.3.8",
      "resolved": "http://registry.npm.taobao.org/through/download/through-2.3.8.tgz",
      "integrity": "sha1-DdTJ/6q8NXlgsbckEV1+Doai4fU="
    },
    "through2": {
      "version": "2.0.3",
      "resolved": "http://registry.npm.taobao.org/through2/download/through2-2.0.3.tgz",
      "integrity": "sha1-AARWmzfHx0ujnEPzzteNGtlBQL4=",
      "requires": {
        "readable-stream": "2.3.6",
        "xtend": "4.0.1"
      }
    },
    "trim-newlines": {
      "version": "2.0.0",
      "resolved": "http://registry.npm.taobao.org/trim-newlines/download/trim-newlines-2.0.0.tgz",
      "integrity": "sha1-tAPQuRvlDDMd/EuC7s6yLD3hbSA="
    },
    "trim-off-newlines": {
      "version": "1.0.1",
      "resolved": "http://registry.npm.taobao.org/trim-off-newlines/download/trim-off-newlines-1.0.1.tgz",
      "integrity": "sha1-n5up2e+odkw4dpi8v+sshI8RrbM="
    },
    "uglify-js": {
      "version": "2.8.29",
      "resolved": "http://registry.npm.taobao.org/uglify-js/download/uglify-js-2.8.29.tgz",
      "integrity": "sha1-KcVzMUgFe7Th913zW3qcty5qWd0=",
      "optional": true,
      "requires": {
        "source-map": "0.5.7",
        "uglify-to-browserify": "1.0.2",
        "yargs": "3.10.0"
      },
      "dependencies": {
        "source-map": {
          "version": "0.5.7",
          "resolved": "http://registry.npm.taobao.org/source-map/download/source-map-0.5.7.tgz",
          "integrity": "sha1-igOdLRAh0i0eoUyA2OpGi6LvP8w=",
          "optional": true
        }
      }
    },
    "uglify-to-browserify": {
      "version": "1.0.2",
      "resolved": "http://registry.npm.taobao.org/uglify-to-browserify/download/uglify-to-browserify-1.0.2.tgz",
      "integrity": "sha1-bgkk1r2mta/jSeOabWMoUKD4grc=",
      "optional": true
    },
    "util-deprecate": {
      "version": "1.0.2",
      "resolved": "http://registry.npm.taobao.org/util-deprecate/download/util-deprecate-1.0.2.tgz",
      "integrity": "sha1-RQ1Nyfpw3nMnYvvS1KKJgUGaDM8="
    },
    "validate-npm-package-license": {
      "version": "3.0.3",
      "resolved": "http://registry.npm.taobao.org/validate-npm-package-license/download/validate-npm-package-license-3.0.3.tgz",
      "integrity": "sha1-gWQ7y+8b3+zUYjeT3EZIlIupgzg=",
      "requires": {
        "spdx-correct": "3.0.0",
        "spdx-expression-parse": "3.0.0"
      }
    },
    "window-size": {
      "version": "0.1.0",
      "resolved": "http://registry.npm.taobao.org/window-size/download/window-size-0.1.0.tgz",
      "integrity": "sha1-VDjNLqk7IC76Ohn+iIeu58lPnJ0=",
      "optional": true
    },
    "word-wrap": {
      "version": "1.2.3",
      "resolved": "http://registry.npm.taobao.org/word-wrap/download/word-wrap-1.2.3.tgz",
      "integrity": "sha1-YQY29rH3A4kb00dxzLF/uTtHB5w=",
      "dev": true
    },
    "wordwrap": {
      "version": "0.0.3",
      "resolved": "http://registry.npm.taobao.org/wordwrap/download/wordwrap-0.0.3.tgz",
      "integrity": "sha1-o9XabNXAvAAI03I0u68b7WMFkQc="
    },
    "xtend": {
      "version": "4.0.1",
      "resolved": "http://registry.npm.taobao.org/xtend/download/xtend-4.0.1.tgz",
      "integrity": "sha1-pcbVMr5lbiPbgg77lDofBJmNY68="
    },
    "yargs": {
      "version": "3.10.0",
      "resolved": "http://registry.npm.taobao.org/yargs/download/yargs-3.10.0.tgz",
      "integrity": "sha1-9+572FfdfB0tOMDnTvvWgdFDH9E=",
      "optional": true,
      "requires": {
        "camelcase": "1.2.1",
        "cliui": "2.1.0",
        "decamelize": "1.2.0",
        "window-size": "0.1.0"
      }
    }
  }
}
